
Microsoft Visual Studio Solution File, Format Version 12.00
# Visual Studio Version 17
VisualStudioVersion = 17.1.32319.34
MinimumVisualStudioVersion = 10.0.40219.1
Project("{9A19103F-16F7-4668-BE54-9A1E7A4F7556}") = "Question1", "Question1\Question1.csproj", "{A15AB353-ACCB-444D-999F-AA08644E6D8D}"
EndProject
Project("{9A19103F-16F7-4668-BE54-9A1E7A4F7556}") = "question2", "..\question2\question2.csproj", "{3AE2F050-A04F-4B7D-B6A9-4950FB1C2A15}"
EndProject
Project("{9A19103F-16F7-4668-BE54-9A1E7A4F7556}") = "Generics", "Generics\Generics.csproj", "{7A405E20-4082-4A78-8157-09DA4A24A736}"
EndProject
Project("{FAE04EC0-301F-11D3-BF4B-00C04F79EFBC}") = "Generics.In.Interface", "Generics.In.Interface\Generics.In.Interface.csproj", "{1ADC03B0-E71D-4E73-9FFC-1F5997087BD3}"
EndProject
Global
	GlobalSection(SolutionConfigurationPlatforms) = preSolution
		Debug|Any CPU = Debug|Any CPU
		Release|Any CPU = Release|Any CPU
	EndGlobalSection
	GlobalSection(ProjectConfigurationPlatforms) = postSolution
		{A15AB353-ACCB-444D-999F-AA08644E6D8D}.Debug|Any CPU.ActiveCfg = Debug|Any CPU
		{A15AB353-ACCB-444D-999F-AA08644E6D8D}.Debug|Any CPU.Build.0 = Debug|Any CPU
		{A15AB353-ACCB-444D-999F-AA08644E6D8D}.Release|Any CPU.ActiveCfg = Release|Any CPU
		{A15AB353-ACCB-444D-999F-AA08644E6D8D}.Release|Any CPU.Build.0 = Release|Any CPU
		{3AE2F050-A04F-4B7D-B6A9-4950FB1C2A15}.Debug|Any CPU.ActiveCfg = Debug|Any CPU
		{3AE2F050-A04F-4B7D-B6A9-4950FB1C2A15}.Debug|Any CPU.Build.0 = Debug|Any CPU
		{3AE2F050-A04F-4B7D-B6A9-4950FB1C2A15}.Release|Any CPU.ActiveCfg = Release|Any CPU
		{3AE2F050-A04F-4B7D-B6A9-4950FB1C2A15}.Release|Any CPU.Build.0 = Release|Any CPU
		{7A405E20-4082-4A78-8157-09DA4A24A736}.Debug|Any CPU.ActiveCfg = Debug|Any CPU
		{7A405E20-4082-4A78-8157-09DA4A24A736}.Debug|Any CPU.Build.0 = Debug|Any CPU
		{7A405E20-4082-4A78-8157-09DA4A24A736}.Release|Any CPU.ActiveCfg = Release|Any CPU
		{7A405E20-4082-4A78-8157-09DA4A24A736}.Release|Any CPU.Build.0 = Release|Any CPU
		{1ADC03B0-E71D-4E73-9FFC-1F5997087BD3}.Debug|Any CPU.ActiveCfg = Debug|Any CPU
		{1ADC03B0-E71D-4E73-9FFC-1F5997087BD3}.Debug|Any CPU.Build.0 = Debug|Any CPU
		{1ADC03B0-E71D-4E73-9FFC-1F5997087BD3}.Release|Any CPU.ActiveCfg = Release|Any CPU
		{1ADC03B0-E71D-4E73-9FFC-1F5997087BD3}.Release|Any CPU.Build.0 = Release|Any CPU
	EndGlobalSection
	GlobalSection(SolutionProperties) = preSolution
		HideSolutionNode = FALSE
	EndGlobalSection
	GlobalSection(ExtensibilityGlobals) = postSolution
		SolutionGuid = {4189E15A-E267-4015-B65A-58D8BDE9517F}
	EndGlobalSection
EndGlobal
